
Microsoft Visual Studio Solution File, Format Version 12.00
# Visual Studio Version 16
VisualStudioVersion = 16.0.31515.178
MinimumVisualStudioVersion = 10.0.40219.1
Project("{FAE04EC0-301F-11D3-BF4B-00C04F79EFBC}") = "CrudMongo", "CrudMongo\CrudMongo.csproj", "{77AC7B3D-EC2F-4621-9F3F-540711519154}"
EndProject
Project("{FAE04EC0-301F-11D3-BF4B-00C04F79EFBC}") = "BackEnd.CrudMongo.Repository", "BackEnd.CrudMongo.Repository\BackEnd.CrudMongo.Repository.csproj", "{2EBF8928-3CFF-4DD1-BCCB-07E13D7E38FE}"
EndProject
Project("{FAE04EC0-301F-11D3-BF4B-00C04F79EFBC}") = "BackEnd.CrudMongo.Business", "BackEnd.CrudMongo.Business\BackEnd.CrudMongo.Business.csproj", "{C19E3DFC-8887-4EC1-A9B1-C7619BC50130}"
EndProject
Project("{FAE04EC0-301F-11D3-BF4B-00C04F79EFBC}") = "BackEnd.CrudMongo.Entities", "BackEnd.CrudMongo.Entities\BackEnd.CrudMongo.Entities.csproj", "{33E6E0E5-7661-4D47-AC40-18F658436A95}"
EndProject
Project("{FAE04EC0-301F-11D3-BF4B-00C04F79EFBC}") = "BackEnd.CrudMongo.Utilities", "BackEnd.CrudMongo.Utilities\BackEnd.CrudMongo.Utilities.csproj", "{95475029-65AC-4DF7-B6BA-5847D7896CBA}"
EndProject
Global
	GlobalSection(SolutionConfigurationPlatforms) = preSolution
		Debug|Any CPU = Debug|Any CPU
		Release|Any CPU = Release|Any CPU
	EndGlobalSection
	GlobalSection(ProjectConfigurationPlatforms) = postSolution
		{77AC7B3D-EC2F-4621-9F3F-540711519154}.Debug|Any CPU.ActiveCfg = Debug|Any CPU
		{77AC7B3D-EC2F-4621-9F3F-540711519154}.Debug|Any CPU.Build.0 = Debug|Any CPU
		{77AC7B3D-EC2F-4621-9F3F-540711519154}.Release|Any CPU.ActiveCfg = Release|Any CPU
		{77AC7B3D-EC2F-4621-9F3F-540711519154}.Release|Any CPU.Build.0 = Release|Any CPU
		{2EBF8928-3CFF-4DD1-BCCB-07E13D7E38FE}.Debug|Any CPU.ActiveCfg = Debug|Any CPU
		{2EBF8928-3CFF-4DD1-BCCB-07E13D7E38FE}.Debug|Any CPU.Build.0 = Debug|Any CPU
		{2EBF8928-3CFF-4DD1-BCCB-07E13D7E38FE}.Release|Any CPU.ActiveCfg = Release|Any CPU
		{2EBF8928-3CFF-4DD1-BCCB-07E13D7E38FE}.Release|Any CPU.Build.0 = Release|Any CPU
		{C19E3DFC-8887-4EC1-A9B1-C7619BC50130}.Debug|Any CPU.ActiveCfg = Debug|Any CPU
		{C19E3DFC-8887-4EC1-A9B1-C7619BC50130}.Debug|Any CPU.Build.0 = Debug|Any CPU
		{C19E3DFC-8887-4EC1-A9B1-C7619BC50130}.Release|Any CPU.ActiveCfg = Release|Any CPU
		{C19E3DFC-8887-4EC1-A9B1-C7619BC50130}.Release|Any CPU.Build.0 = Release|Any CPU
		{33E6E0E5-7661-4D47-AC40-18F658436A95}.Debug|Any CPU.ActiveCfg = Debug|Any CPU
		{33E6E0E5-7661-4D47-AC40-18F658436A95}.Debug|Any CPU.Build.0 = Debug|Any CPU
		{33E6E0E5-7661-4D47-AC40-18F658436A95}.Release|Any CPU.ActiveCfg = Release|Any CPU
		{33E6E0E5-7661-4D47-AC40-18F658436A95}.Release|Any CPU.Build.0 = Release|Any CPU
		{95475029-65AC-4DF7-B6BA-5847D7896CBA}.Debug|Any CPU.ActiveCfg = Debug|Any CPU
		{95475029-65AC-4DF7-B6BA-5847D7896CBA}.Debug|Any CPU.Build.0 = Debug|Any CPU
		{95475029-65AC-4DF7-B6BA-5847D7896CBA}.Release|Any CPU.ActiveCfg = Release|Any CPU
		{95475029-65AC-4DF7-B6BA-5847D7896CBA}.Release|Any CPU.Build.0 = Release|Any CPU
	EndGlobalSection
	GlobalSection(SolutionProperties) = preSolution
		HideSolutionNode = FALSE
	EndGlobalSection
	GlobalSection(ExtensibilityGlobals) = postSolution
		SolutionGuid = {793A07C3-5DAC-4DD3-81C8-7AEA7EC5C4F0}
	EndGlobalSection
EndGlobal
